// !$*UTF8*$!
{
	archiveVersion = 1;
	classes = {
	};
	objectVersion = 46;
	objects = {

/* Begin PBXBuildFile section */
		EE763FE61C97031500DD94F5 /* main.cpp in Sources */ = {isa = PBXBuildFile; fileRef = EE763FE51C97031500DD94F5 /* main.cpp */; };
		EE763FF21C9703E100DD94F5 /* OpenGL.framework in Frameworks */ = {isa = PBXBuildFile; fileRef = EE763FF11C9703E000DD94F5 /* OpenGL.framework */; };
		EE763FF41C97044300DD94F5 /* libGLEW.1.12.0.dylib in Frameworks */ = {isa = PBXBuildFile; fileRef = EE763FF31C97044300DD94F5 /* libGLEW.1.12.0.dylib */; };
/* End PBXBuildFile section */

/* Begin PBXFileReference section */
		EE763FE21C97031500DD94F5 /* SFML_Mac */ = {isa = PBXFileReference; explicitFileType = "compiled.mach-o.executable"; includeInIndex = 0; path = SFML_Mac; sourceTree = BUILT_PRODUCTS_DIR; };
		EE763FE51C97031500DD94F5 /* main.cpp */ = {isa = PBXFileReference; lastKnownFileType = sourcecode.cpp.cpp; path = main.cpp; sourceTree = "<group>"; };
		EE763FF11C9703E000DD94F5 /* OpenGL.framework */ = {isa = PBXFileReference; lastKnownFileType = wrapper.framework; name = OpenGL.framework; path = System/Library/Frameworks/OpenGL.framework; sourceTree = SDKROOT; };
		EE763FF31C97044300DD94F5 /* libGLEW.1.12.0.dylib */ = {isa = PBXFileReference; lastKnownFileType = "compiled.mach-o.dylib"; name = libGLEW.1.12.0.dylib; path = ../../../../usr/local/Cellar/glew/1.12.0/lib/libGLEW.1.12.0.dylib; sourceTree = "<group>"; };
/* End PBXFileReference section */

/* Begin PBXFrameworksBuildPhase section */
		EE763FE01C97031500DD94F5 /* Frameworks */ = {
			isa = PBXFrameworksBuildPhase;
			buildActionMask = 2147483647;
			files = (
				EE763FF41C97044300DD94F5 /* libGLEW.1.12.0.dylib in Frameworks */,
				EE763FF21C9703E100DD94F5 /* OpenGL.framework in Frameworks */,
			);
			runOnlyForDeploymentPostprocessing = 0;
		};
/* End PBXFrameworksBuildPhase section */

/* Begin PBXGroup section */
		EE763FDA1C97031500DD94F5 = {
			isa = PBXGroup;
			children = (
				EE763FF31C97044300DD94F5 /* libGLEW.1.12.0.dylib */,
				EE763FF11C9703E000DD94F5 /* OpenGL.framework */,
				EE763FE41C97031500DD94F5 /* SFML_Mac */,
				EE763FE31C97031500DD94F5 /* Products */,
			);
			sourceTree = "<group>";
		};
		EE763FE31C97031500DD94F5 /* Products */ = {
			isa = PBXGroup;
			children = (
				EE763FE21C97031500DD94F5 /* SFML_Mac */,
			);
			name = Products;
			sourceTree = "<group>";
		};
		EE763FE41C97031500DD94F5 /* SFML_Mac */ = {
			isa = PBXGroup;
			children = (
				EE763FE51C97031500DD94F5 /* main.cpp */,
				EE763FE71C97031500DD94F5 /* Resources */,
			);
			path = SFML_Mac;
			sourceTree = "<group>";
		};
		EE763FE71C97031500DD94F5 /* Resources */ = {
			isa = PBXGroup;
			children = (
			);
			name = Resources;
			sourceTree = "<group>";
		};
/* End PBXGroup section */

/* Begin PBXNativeTarget section */
		EE763FE11C97031500DD94F5 /* SFML_Mac */ = {
			isa = PBXNativeTarget;
			buildConfigurationList = EE763FEE1C97031500DD94F5 /* Build configuration list for PBXNativeTarget "SFML_Mac" */;
			buildPhases = (
				EE763FDF1C97031500DD94F5 /* Sources */,
				EE763FE01C97031500DD94F5 /* Frameworks */,
			);
			buildRules = (
			);
			dependencies = (
			);
			name = SFML_Mac;
			productName = SFML_Mac;
			productReference = EE763FE21C97031500DD94F5 /* SFML_Mac */;
			productType = "com.apple.product-type.tool";
		};
/* End PBXNativeTarget section */

/* Begin PBXProject section */
		EE763FDB1C97031500DD94F5 /* Project object */ = {
			isa = PBXProject;
			attributes = {
				LastUpgradeCheck = 0720;
				ORGANIZATIONNAME = "Sonar Systems";
				TargetAttributes = {
					EE763FE11C97031500DD94F5 = {
						CreatedOnToolsVersion = 7.2.1;
					};
				};
			};
			buildConfigurationList = EE763FDE1C97031500DD94F5 /* Build configuration list for PBXProject "SFML_Mac" */;
			compatibilityVersion = "Xcode 3.2";
			developmentRegion = English;
			hasScannedForEncodings = 0;
			knownRegions = (
				en,
			);
			mainGroup = EE763FDA1C97031500DD94F5;
			productRefGroup = EE763FE31C97031500DD94F5 /* Products */;
			projectDirPath = "";
			projectRoot = "";
			targets = (
				EE763FE11C97031500DD94F5 /* SFML_Mac */,
			);
		};
/* End PBXProject section */

/* Begin PBXSourcesBuildPhase section */
		EE763FDF1C97031500DD94F5 /* Sources */ = {
			isa = PBXSourcesBuildPhase;
			buildActionMask = 2147483647;
			files = (
				EE763FE61C97031500DD94F5 /* main.cpp in Sources */,
			);
			runOnlyForDeploymentPostprocessing = 0;
		};
/* End PBXSourcesBuildPhase section */

/* Begin XCBuildConfiguration section */
		EE763FEC1C97031500DD94F5 /* Debug */ = {
			isa = XCBuildConfiguration;
			buildSettings = {
				ARCHS = (
					i386,
					x86_64,
				);
				CLANG_CXX_LANGUAGE_STANDARD = "c++0x";
				CLANG_CXX_LIBRARY = "libc++";
				FRAMEWORK_SEARCH_PATHS = (
					/Library/Frameworks/,
					"$(inherited)",
				);
				GCC_VERSION = com.apple.compilers.llvm.clang.1_0;
				HEADER_SEARCH_PATHS = (
					/usr/local/include/,
					"$(inherited)",
				);
				LIBRARY_SEARCH_PATHS = (
					/usr/local/lib/,
					"$(inherited)",
				);
				MACOSX_DEPLOYMENT_TARGET = 10.7;
				OTHER_LDFLAGS = (
					"$(inherited)",
					"$(SFML_SYSTEM)",
					"$(SFML_WINDOW)",
					"$(SFML_GRAPHICS)",
					"$(SFML_AUDIO)",
					"$(SFML_NETWORK)",
				);
				SFML_AUDIO = "$(SFML_LINK_PREFIX) sfml-audio$(SFML_LINK_SUFFIX)";
				SFML_BINARY_TYPE = FRAMEWORKS;
				SFML_GRAPHICS = "$(SFML_LINK_PREFIX) sfml-graphics$(SFML_LINK_SUFFIX)";
				SFML_LINK_DYLIBS_PREFIX = "-l";
				SFML_LINK_DYLIBS_SUFFIX = "";
				SFML_LINK_FRAMEWORKS_PREFIX = "-framework";
				SFML_LINK_FRAMEWORKS_SUFFIX = "";
				SFML_LINK_PREFIX = "$(SFML_LINK_$(SFML_BINARY_TYPE)_PREFIX)";
				SFML_LINK_SUFFIX = "$(SFML_LINK_$(SFML_BINARY_TYPE)_SUFFIX)";
				SFML_NETWORK = "$(SFML_LINK_PREFIX) sfml-network$(SFML_LINK_SUFFIX)";
				SFML_SYSTEM = "$(SFML_LINK_PREFIX) sfml-system$(SFML_LINK_SUFFIX)";
				SFML_WINDOW = "$(SFML_LINK_PREFIX) sfml-window$(SFML_LINK_SUFFIX)";
				SUPPORTED_PLATFORMS = macosx;
			};
			name = Debug;
		};
		EE763FED1C97031500DD94F5 /* Release */ = {
			isa = XCBuildConfiguration;
			buildSettings = {
				ARCHS = (
					i386,
					x86_64,
				);
				CLANG_CXX_LANGUAGE_STANDARD = "c++0x";
				CLANG_CXX_LIBRARY = "libc++";
				FRAMEWORK_SEARCH_PATHS = (
					/Library/Frameworks/,
					"$(inherited)",
				);
				GCC_VERSION = com.apple.compilers.llvm.clang.1_0;
				HEADER_SEARCH_PATHS = (
					/usr/local/include/,
					"$(inherited)",
				);
				LIBRARY_SEARCH_PATHS = (
					/usr/local/lib/,
					"$(inherited)",
				);
				MACOSX_DEPLOYMENT_TARGET = 10.7;
				OTHER_LDFLAGS = (
					"$(inherited)",
					"$(SFML_SYSTEM)",
					"$(SFML_WINDOW)",
					"$(SFML_GRAPHICS)",
					"$(SFML_AUDIO)",
					"$(SFML_NETWORK)",
				);
				SFML_AUDIO = "$(SFML_LINK_PREFIX) sfml-audio$(SFML_LINK_SUFFIX)";
				SFML_BINARY_TYPE = FRAMEWORKS;
				SFML_GRAPHICS = "$(SFML_LINK_PREFIX) sfml-graphics$(SFML_LINK_SUFFIX)";
				SFML_LINK_DYLIBS_PREFIX = "-l";
				SFML_LINK_DYLIBS_SUFFIX = "";
				SFML_LINK_FRAMEWORKS_PREFIX = "-framework";
				SFML_LINK_FRAMEWORKS_SUFFIX = "";
				SFML_LINK_PREFIX = "$(SFML_LINK_$(SFML_BINARY_TYPE)_PREFIX)";
				SFML_LINK_SUFFIX = "$(SFML_LINK_$(SFML_BINARY_TYPE)_SUFFIX)";
				SFML_NETWORK = "$(SFML_LINK_PREFIX) sfml-network$(SFML_LINK_SUFFIX)";
				SFML_SYSTEM = "$(SFML_LINK_PREFIX) sfml-system$(SFML_LINK_SUFFIX)";
				SFML_WINDOW = "$(SFML_LINK_PREFIX) sfml-window$(SFML_LINK_SUFFIX)";
				SUPPORTED_PLATFORMS = macosx;
			};
			name = Release;
		};
		EE763FEF1C97031500DD94F5 /* Debug */ = {
			isa = XCBuildConfiguration;
			buildSettings = {
				ARCHS = "$(ARCHS_STANDARD)";
				HEADER_SEARCH_PATHS = (
					/usr/local/include/,
					"$(inherited)",
				);
				LIBRARY_SEARCH_PATHS = (
					"$(inherited)",
					/usr/local/Cellar/glew/1.12.0/lib,
					/usr/local/Cellar/glfw3/3.1.2/lib,
				);
				PRODUCT_NAME = "$(TARGET_NAME)";
				SDKROOT = macosx10.11;
				SUPPORTED_PLATFORMS = macosx;
			};
			name = Debug;
		};
		EE763FF01C97031500DD94F5 /* Release */ = {
			isa = XCBuildConfiguration;
			buildSettings = {
				ARCHS = "$(ARCHS_STANDARD)";
				HEADER_SEARCH_PATHS = (
					/usr/local/include/,
					"$(inherited)",
				);
				LIBRARY_SEARCH_PATHS = (
					"$(inherited)",
					/usr/local/Cellar/glew/1.12.0/lib,
					/usr/local/Cellar/glfw3/3.1.2/lib,
				);
				PRODUCT_NAME = "$(TARGET_NAME)";
				SDKROOT = macosx10.11;
				SUPPORTED_PLATFORMS = macosx;
			};
			name = Release;
		};
/* End XCBuildConfiguration section */

/* Begin XCConfigurationList section */
		EE763FDE1C97031500DD94F5 /* Build configuration list for PBXProject "SFML_Mac" */ = {
			isa = XCConfigurationList;
			buildConfigurations = (
				EE763FEC1C97031500DD94F5 /* Debug */,
				EE763FED1C97031500DD94F5 /* Release */,
			);
			defaultConfigurationIsVisible = 0;
			defaultConfigurationName = Release;
		};
		EE763FEE1C97031500DD94F5 /* Build configuration list for PBXNativeTarget "SFML_Mac" */ = {
			isa = XCConfigurationList;
			buildConfigurations = (
				EE763FEF1C97031500DD94F5 /* Debug */,
				EE763FF01C97031500DD94F5 /* Release */,
			);
			defaultConfigurationIsVisible = 0;
		};
/* End XCConfigurationList section */
	};
	rootObject = EE763FDB1C97031500DD94F5 /* Project object */;
}
